// !$*UTF8*$!
{
	archiveVersion = 1;
	classes = {
	};
	objectVersion = 46;
	objects = {

/* Begin PBXBuildFile section */
		1845685D1F2AC71000932A05 /* AppDelegate.swift in Sources */ = {isa = PBXBuildFile; fileRef = 1845685C1F2AC71000932A05 /* AppDelegate.swift */; };
		1845685F1F2AC71000932A05 /* ViewController.swift in Sources */ = {isa = PBXBuildFile; fileRef = 1845685E1F2AC71000932A05 /* ViewController.swift */; };
		184568621F2AC71000932A05 /* Main.storyboard in Resources */ = {isa = PBXBuildFile; fileRef = 184568601F2AC71000932A05 /* Main.storyboard */; };
		184568641F2AC71000932A05 /* Assets.xcassets in Resources */ = {isa = PBXBuildFile; fileRef = 184568631F2AC71000932A05 /* Assets.xcassets */; };
		184568671F2AC71000932A05 /* LaunchScreen.storyboard in Resources */ = {isa = PBXBuildFile; fileRef = 184568651F2AC71000932A05 /* LaunchScreen.storyboard */; };
		1845686F1F2AC7F200932A05 /* CircleTransitionAnimator.swift in Sources */ = {isa = PBXBuildFile; fileRef = 1845686E1F2AC7F200932A05 /* CircleTransitionAnimator.swift */; };
		184568711F2AC81B00932A05 /* NavigationControllerDelegate.swift in Sources */ = {isa = PBXBuildFile; fileRef = 184568701F2AC81B00932A05 /* NavigationControllerDelegate.swift */; };
/* End PBXBuildFile section */

/* Begin PBXFileReference section */
		184568591F2AC71000932A05 /* EleventhDay_CircleTransition(2).app */ = {isa = PBXFileReference; explicitFileType = wrapper.application; includeInIndex = 0; path = "EleventhDay_CircleTransition(2).app"; sourceTree = BUILT_PRODUCTS_DIR; };
		1845685C1F2AC71000932A05 /* AppDelegate.swift */ = {isa = PBXFileReference; lastKnownFileType = sourcecode.swift; path = AppDelegate.swift; sourceTree = "<group>"; };
		1845685E1F2AC71000932A05 /* ViewController.swift */ = {isa = PBXFileReference; lastKnownFileType = sourcecode.swift; path = ViewController.swift; sourceTree = "<group>"; };
		184568611F2AC71000932A05 /* Base */ = {isa = PBXFileReference; lastKnownFileType = file.storyboard; name = Base; path = Base.lproj/Main.storyboard; sourceTree = "<group>"; };
		184568631F2AC71000932A05 /* Assets.xcassets */ = {isa = PBXFileReference; lastKnownFileType = folder.assetcatalog; path = Assets.xcassets; sourceTree = "<group>"; };
		184568661F2AC71000932A05 /* Base */ = {isa = PBXFileReference; lastKnownFileType = file.storyboard; name = Base; path = Base.lproj/LaunchScreen.storyboard; sourceTree = "<group>"; };
		184568681F2AC71000932A05 /* Info.plist */ = {isa = PBXFileReference; lastKnownFileType = text.plist.xml; path = Info.plist; sourceTree = "<group>"; };
		1845686E1F2AC7F200932A05 /* CircleTransitionAnimator.swift */ = {isa = PBXFileReference; fileEncoding = 4; lastKnownFileType = sourcecode.swift; path = CircleTransitionAnimator.swift; sourceTree = "<group>"; };
		184568701F2AC81B00932A05 /* NavigationControllerDelegate.swift */ = {isa = PBXFileReference; fileEncoding = 4; lastKnownFileType = sourcecode.swift; path = NavigationControllerDelegate.swift; sourceTree = "<group>"; };
/* End PBXFileReference section */

/* Begin PBXFrameworksBuildPhase section */
		184568561F2AC71000932A05 /* Frameworks */ = {
			isa = PBXFrameworksBuildPhase;
			buildActionMask = 2147483647;
			files = (
			);
			runOnlyForDeploymentPostprocessing = 0;
		};
/* End PBXFrameworksBuildPhase section */

/* Begin PBXGroup section */
		184568501F2AC71000932A05 = {
			isa = PBXGroup;
			children = (
				1845685B1F2AC71000932A05 /* EleventhDay_CircleTransition(2) */,
				1845685A1F2AC71000932A05 /* Products */,
			);
			sourceTree = "<group>";
		};
		1845685A1F2AC71000932A05 /* Products */ = {
			isa = PBXGroup;
			children = (
				184568591F2AC71000932A05 /* EleventhDay_CircleTransition(2).app */,
			);
			name = Products;
			sourceTree = "<group>";
		};
		1845685B1F2AC71000932A05 /* EleventhDay_CircleTransition(2) */ = {
			isa = PBXGroup;
			children = (
				1845685C1F2AC71000932A05 /* AppDelegate.swift */,
				1845685E1F2AC71000932A05 /* ViewController.swift */,
				1845686E1F2AC7F200932A05 /* CircleTransitionAnimator.swift */,
				184568701F2AC81B00932A05 /* NavigationControllerDelegate.swift */,
				184568601F2AC71000932A05 /* Main.storyboard */,
				184568631F2AC71000932A05 /* Assets.xcassets */,
				184568651F2AC71000932A05 /* LaunchScreen.storyboard */,
				184568681F2AC71000932A05 /* Info.plist */,
			);
			path = "EleventhDay_CircleTransition(2)";
			sourceTree = "<group>";
		};
/* End PBXGroup section */

/* Begin PBXNativeTarget section */
		184568581F2AC71000932A05 /* EleventhDay_CircleTransition(2) */ = {
			isa = PBXNativeTarget;
			buildConfigurationList = 1845686B1F2AC71000932A05 /* Build configuration list for PBXNativeTarget "EleventhDay_CircleTransition(2)" */;
			buildPhases = (
				184568551F2AC71000932A05 /* Sources */,
				184568561F2AC71000932A05 /* Frameworks */,
				184568571F2AC71000932A05 /* Resources */,
			);
			buildRules = (
			);
			dependencies = (
			);
			name = "EleventhDay_CircleTransition(2)";
			productName = "EleventhDay_CircleTransition(2)";
			productReference = 184568591F2AC71000932A05 /* EleventhDay_CircleTransition(2).app */;
			productType = "com.apple.product-type.application";
		};
/* End PBXNativeTarget section */

/* Begin PBXProject section */
		184568511F2AC71000932A05 /* Project object */ = {
			isa = PBXProject;
			attributes = {
				LastSwiftUpdateCheck = 0830;
				LastUpgradeCheck = 0830;
				ORGANIZATIONNAME = apple;
				TargetAttributes = {
					184568581F2AC71000932A05 = {
						CreatedOnToolsVersion = 8.3.3;
						ProvisioningStyle = Automatic;
					};
				};
			};
			buildConfigurationList = 184568541F2AC71000932A05 /* Build configuration list for PBXProject "EleventhDay_CircleTransition(2)" */;
			compatibilityVersion = "Xcode 3.2";
			developmentRegion = English;
			hasScannedForEncodings = 0;
			knownRegions = (
				en,
				Base,
			);
			mainGroup = 184568501F2AC71000932A05;
			productRefGroup = 1845685A1F2AC71000932A05 /* Products */;
			projectDirPath = "";
			projectRoot = "";
			targets = (
				184568581F2AC71000932A05 /* EleventhDay_CircleTransition(2) */,
			);
		};
/* End PBXProject section */

/* Begin PBXResourcesBuildPhase section */
		184568571F2AC71000932A05 /* Resources */ = {
			isa = PBXResourcesBuildPhase;
			buildActionMask = 2147483647;
			files = (
				184568671F2AC71000932A05 /* LaunchScreen.storyboard in Resources */,
				184568641F2AC71000932A05 /* Assets.xcassets in Resources */,
				184568621F2AC71000932A05 /* Main.storyboard in Resources */,
			);
			runOnlyForDeploymentPostprocessing = 0;
		};
/* End PBXResourcesBuildPhase section */

/* Begin PBXSourcesBuildPhase section */
		184568551F2AC71000932A05 /* Sources */ = {
			isa = PBXSourcesBuildPhase;
			buildActionMask = 2147483647;
			files = (
				184568711F2AC81B00932A05 /* NavigationControllerDelegate.swift in Sources */,
				1845685F1F2AC71000932A05 /* ViewController.swift in Sources */,
				1845685D1F2AC71000932A05 /* AppDelegate.swift in Sources */,
				1845686F1F2AC7F200932A05 /* CircleTransitionAnimator.swift in Sources */,
			);
			runOnlyForDeploymentPostprocessing = 0;
		};
/* End PBXSourcesBuildPhase section */

/* Begin PBXVariantGroup section */
		184568601F2AC71000932A05 /* Main.storyboard */ = {
			isa = PBXVariantGroup;
			children = (
				184568611F2AC71000932A05 /* Base */,
			);
			name = Main.storyboard;
			sourceTree = "<group>";
		};
		184568651F2AC71000932A05 /* LaunchScreen.storyboard */ = {
			isa = PBXVariantGroup;
			children = (
				184568661F2AC71000932A05 /* Base */,
			);
			name = LaunchScreen.storyboard;
			sourceTree = "<group>";
		};
/* End PBXVariantGroup section */

/* Begin XCBuildConfiguration section */
		184568691F2AC71000932A05 /* Debug */ = {
			isa = XCBuildConfiguration;
			buildSettings = {
				ALWAYS_SEARCH_USER_PATHS = NO;
				CLANG_ANALYZER_NONNULL = YES;
				CLANG_ANALYZER_NUMBER_OBJECT_CONVERSION = YES_AGGRESSIVE;
				CLANG_CXX_LANGUAGE_STANDARD = "gnu++0x";
				CLANG_CXX_LIBRARY = "libc++";
				CLANG_ENABLE_MODULES = YES;
				CLANG_ENABLE_OBJC_ARC = YES;
				CLANG_WARN_BOOL_CONVERSION = YES;
				CLANG_WARN_CONSTANT_CONVERSION = YES;
				CLANG_WARN_DIRECT_OBJC_ISA_USAGE = YES_ERROR;
				CLANG_WARN_DOCUMENTATION_COMMENTS = YES;
				CLANG_WARN_EMPTY_BODY = YES;
				CLANG_WARN_ENUM_CONVERSION = YES;
				CLANG_WARN_INFINITE_RECURSION = YES;
				CLANG_WARN_INT_CONVERSION = YES;
				CLANG_WARN_OBJC_ROOT_CLASS = YES_ERROR;
				CLANG_WARN_SUSPICIOUS_MOVE = YES;
				CLANG_WARN_UNREACHABLE_CODE = YES;
				CLANG_WARN__DUPLICATE_METHOD_MATCH = YES;
				"CODE_SIGN_IDENTITY[sdk=iphoneos*]" = "iPhone Developer";
				COPY_PHASE_STRIP = NO;
				DEBUG_INFORMATION_FORMAT = dwarf;
				ENABLE_STRICT_OBJC_MSGSEND = YES;
				ENABLE_TESTABILITY = YES;
				GCC_C_LANGUAGE_STANDARD = gnu99;
				GCC_DYNAMIC_NO_PIC = NO;
				GCC_NO_COMMON_BLOCKS = YES;
				GCC_OPTIMIZATION_LEVEL = 0;
				GCC_PREPROCESSOR_DEFINITIONS = (
					"DEBUG=1",
					"$(inherited)",
				);
				GCC_WARN_64_TO_32_BIT_CONVERSION = YES;
				GCC_WARN_ABOUT_RETURN_TYPE = YES_ERROR;
				GCC_WARN_UNDECLARED_SELECTOR = YES;
				GCC_WARN_UNINITIALIZED_AUTOS = YES_AGGRESSIVE;
				GCC_WARN_UNUSED_FUNCTION = YES;
				GCC_WARN_UNUSED_VARIABLE = YES;
				IPHONEOS_DEPLOYMENT_TARGET = 10.3;
				MTL_ENABLE_DEBUG_INFO = YES;
				ONLY_ACTIVE_ARCH = YES;
				SDKROOT = iphoneos;
				SWIFT_ACTIVE_COMPILATION_CONDITIONS = DEBUG;
				SWIFT_OPTIMIZATION_LEVEL = "-Onone";
			};
			name = Debug;
		};
		1845686A1F2AC71000932A05 /* Release */ = {
			isa = XCBuildConfiguration;
			buildSettings = {
				ALWAYS_SEARCH_USER_PATHS = NO;
				CLANG_ANALYZER_NONNULL = YES;
				CLANG_ANALYZER_NUMBER_OBJECT_CONVERSION = YES_AGGRESSIVE;
				CLANG_CXX_LANGUAGE_STANDARD = "gnu++0x";
				CLANG_CXX_LIBRARY = "libc++";
				CLANG_ENABLE_MODULES = YES;
				CLANG_ENABLE_OBJC_ARC = YES;
				CLANG_WARN_BOOL_CONVERSION = YES;
				CLANG_WARN_CONSTANT_CONVERSION = YES;
				CLANG_WARN_DIRECT_OBJC_ISA_USAGE = YES_ERROR;
				CLANG_WARN_DOCUMENTATION_COMMENTS = YES;
				CLANG_WARN_EMPTY_BODY = YES;
				CLANG_WARN_ENUM_CONVERSION = YES;
				CLANG_WARN_INFINITE_RECURSION = YES;
				CLANG_WARN_INT_CONVERSION = YES;
				CLANG_WARN_OBJC_ROOT_CLASS = YES_ERROR;
				CLANG_WARN_SUSPICIOUS_MOVE = YES;
				CLANG_WARN_UNREACHABLE_CODE = YES;
				CLANG_WARN__DUPLICATE_METHOD_MATCH = YES;
				"CODE_SIGN_IDENTITY[sdk=iphoneos*]" = "iPhone Developer";
				COPY_PHASE_STRIP = NO;
				DEBUG_INFORMATION_FORMAT = "dwarf-with-dsym";
				ENABLE_NS_ASSERTIONS = NO;
				ENABLE_STRICT_OBJC_MSGSEND = YES;
				GCC_C_LANGUAGE_STANDARD = gnu99;
				GCC_NO_COMMON_BLOCKS = YES;
				GCC_WARN_64_TO_32_BIT_CONVERSION = YES;
				GCC_WARN_ABOUT_RETURN_TYPE = YES_ERROR;
				GCC_WARN_UNDECLARED_SELECTOR = YES;
				GCC_WARN_UNINITIALIZED_AUTOS = YES_AGGRESSIVE;
				GCC_WARN_UNUSED_FUNCTION = YES;
				GCC_WARN_UNUSED_VARIABLE = YES;
				IPHONEOS_DEPLOYMENT_TARGET = 10.3;
				MTL_ENABLE_DEBUG_INFO = NO;
				SDKROOT = iphoneos;
				SWIFT_OPTIMIZATION_LEVEL = "-Owholemodule";
				VALIDATE_PRODUCT = YES;
			};
			name = Release;
		};
		1845686C1F2AC71000932A05 /* Debug */ = {
			isa = XCBuildConfiguration;
			buildSettings = {
				ASSETCATALOG_COMPILER_APPICON_NAME = AppIcon;
				INFOPLIST_FILE = "EleventhDay_CircleTransition(2)/Info.plist";
				LD_RUNPATH_SEARCH_PATHS = "$(inherited) @executable_path/Frameworks";
				PRODUCT_BUNDLE_IDENTIFIER = "tao.wang-163.com.EleventhDay-CircleTransition-2-";
				PRODUCT_NAME = "$(TARGET_NAME)";
				SWIFT_VERSION = 3.0;
			};
			name = Debug;
		};
		1845686D1F2AC71000932A05 /* Release */ = {
			isa = XCBuildConfiguration;
			buildSettings = {
				ASSETCATALOG_COMPILER_APPICON_NAME = AppIcon;
				INFOPLIST_FILE = "EleventhDay_CircleTransition(2)/Info.plist";
				LD_RUNPATH_SEARCH_PATHS = "$(inherited) @executable_path/Frameworks";
				PRODUCT_BUNDLE_IDENTIFIER = "tao.wang-163.com.EleventhDay-CircleTransition-2-";
				PRODUCT_NAME = "$(TARGET_NAME)";
				SWIFT_VERSION = 3.0;
			};
			name = Release;
		};
/* End XCBuildConfiguration section */

/* Begin XCConfigurationList section */
		184568541F2AC71000932A05 /* Build configuration list for PBXProject "EleventhDay_CircleTransition(2)" */ = {
			isa = XCConfigurationList;
			buildConfigurations = (
				184568691F2AC71000932A05 /* Debug */,
				1845686A1F2AC71000932A05 /* Release */,
			);
			defaultConfigurationIsVisible = 0;
			defaultConfigurationName = Release;
		};
		1845686B1F2AC71000932A05 /* Build configuration list for PBXNativeTarget "EleventhDay_CircleTransition(2)" */ = {
			isa = XCConfigurationList;
			buildConfigurations = (
				1845686C1F2AC71000932A05 /* Debug */,
				1845686D1F2AC71000932A05 /* Release */,
			);
			defaultConfigurationIsVisible = 0;
		};
/* End XCConfigurationList section */
	};
	rootObject = 184568511F2AC71000932A05 /* Project object */;
}
