// !$*UTF8*$!
{
	archiveVersion = 1;
	classes = {
	};
	objectVersion = 46;
	objects = {

/* Begin PBXBuildFile section */
		1878E2821F1C826A005E53DC /* AppDelegate.swift in Sources */ = {isa = PBXBuildFile; fileRef = 1878E2811F1C826A005E53DC /* AppDelegate.swift */; };
		1878E2841F1C826A005E53DC /* ViewController.swift in Sources */ = {isa = PBXBuildFile; fileRef = 1878E2831F1C826A005E53DC /* ViewController.swift */; };
		1878E2871F1C826A005E53DC /* Main.storyboard in Resources */ = {isa = PBXBuildFile; fileRef = 1878E2851F1C826A005E53DC /* Main.storyboard */; };
		1878E2891F1C826A005E53DC /* Assets.xcassets in Resources */ = {isa = PBXBuildFile; fileRef = 1878E2881F1C826A005E53DC /* Assets.xcassets */; };
		1878E28C1F1C826A005E53DC /* LaunchScreen.storyboard in Resources */ = {isa = PBXBuildFile; fileRef = 1878E28A1F1C826A005E53DC /* LaunchScreen.storyboard */; };
		1878E2971F1C826B005E53DC /* OneSwiftDemoPerDayTests.swift in Sources */ = {isa = PBXBuildFile; fileRef = 1878E2961F1C826B005E53DC /* OneSwiftDemoPerDayTests.swift */; };
		1878E2A21F1C826B005E53DC /* OneSwiftDemoPerDayUITests.swift in Sources */ = {isa = PBXBuildFile; fileRef = 1878E2A11F1C826B005E53DC /* OneSwiftDemoPerDayUITests.swift */; };
/* End PBXBuildFile section */

/* Begin PBXContainerItemProxy section */
		1878E2931F1C826B005E53DC /* PBXContainerItemProxy */ = {
			isa = PBXContainerItemProxy;
			containerPortal = 1878E2761F1C826A005E53DC /* Project object */;
			proxyType = 1;
			remoteGlobalIDString = 1878E27D1F1C826A005E53DC;
			remoteInfo = OneSwiftDemoPerDay;
		};
		1878E29E1F1C826B005E53DC /* PBXContainerItemProxy */ = {
			isa = PBXContainerItemProxy;
			containerPortal = 1878E2761F1C826A005E53DC /* Project object */;
			proxyType = 1;
			remoteGlobalIDString = 1878E27D1F1C826A005E53DC;
			remoteInfo = OneSwiftDemoPerDay;
		};
/* End PBXContainerItemProxy section */

/* Begin PBXFileReference section */
		1878E27E1F1C826A005E53DC /* OneSwiftDemoPerDay.app */ = {isa = PBXFileReference; explicitFileType = wrapper.application; includeInIndex = 0; path = OneSwiftDemoPerDay.app; sourceTree = BUILT_PRODUCTS_DIR; };
		1878E2811F1C826A005E53DC /* AppDelegate.swift */ = {isa = PBXFileReference; lastKnownFileType = sourcecode.swift; path = AppDelegate.swift; sourceTree = "<group>"; };
		1878E2831F1C826A005E53DC /* ViewController.swift */ = {isa = PBXFileReference; lastKnownFileType = sourcecode.swift; path = ViewController.swift; sourceTree = "<group>"; };
		1878E2861F1C826A005E53DC /* Base */ = {isa = PBXFileReference; lastKnownFileType = file.storyboard; name = Base; path = Base.lproj/Main.storyboard; sourceTree = "<group>"; };
		1878E2881F1C826A005E53DC /* Assets.xcassets */ = {isa = PBXFileReference; lastKnownFileType = folder.assetcatalog; path = Assets.xcassets; sourceTree = "<group>"; };
		1878E28B1F1C826A005E53DC /* Base */ = {isa = PBXFileReference; lastKnownFileType = file.storyboard; name = Base; path = Base.lproj/LaunchScreen.storyboard; sourceTree = "<group>"; };
		1878E28D1F1C826A005E53DC /* Info.plist */ = {isa = PBXFileReference; lastKnownFileType = text.plist.xml; path = Info.plist; sourceTree = "<group>"; };
		1878E2921F1C826B005E53DC /* OneSwiftDemoPerDayTests.xctest */ = {isa = PBXFileReference; explicitFileType = wrapper.cfbundle; includeInIndex = 0; path = OneSwiftDemoPerDayTests.xctest; sourceTree = BUILT_PRODUCTS_DIR; };
		1878E2961F1C826B005E53DC /* OneSwiftDemoPerDayTests.swift */ = {isa = PBXFileReference; lastKnownFileType = sourcecode.swift; path = OneSwiftDemoPerDayTests.swift; sourceTree = "<group>"; };
		1878E2981F1C826B005E53DC /* Info.plist */ = {isa = PBXFileReference; lastKnownFileType = text.plist.xml; path = Info.plist; sourceTree = "<group>"; };
		1878E29D1F1C826B005E53DC /* OneSwiftDemoPerDayUITests.xctest */ = {isa = PBXFileReference; explicitFileType = wrapper.cfbundle; includeInIndex = 0; path = OneSwiftDemoPerDayUITests.xctest; sourceTree = BUILT_PRODUCTS_DIR; };
		1878E2A11F1C826B005E53DC /* OneSwiftDemoPerDayUITests.swift */ = {isa = PBXFileReference; lastKnownFileType = sourcecode.swift; path = OneSwiftDemoPerDayUITests.swift; sourceTree = "<group>"; };
		1878E2A31F1C826B005E53DC /* Info.plist */ = {isa = PBXFileReference; lastKnownFileType = text.plist.xml; path = Info.plist; sourceTree = "<group>"; };
/* End PBXFileReference section */

/* Begin PBXFrameworksBuildPhase section */
		1878E27B1F1C826A005E53DC /* Frameworks */ = {
			isa = PBXFrameworksBuildPhase;
			buildActionMask = 2147483647;
			files = (
			);
			runOnlyForDeploymentPostprocessing = 0;
		};
		1878E28F1F1C826B005E53DC /* Frameworks */ = {
			isa = PBXFrameworksBuildPhase;
			buildActionMask = 2147483647;
			files = (
			);
			runOnlyForDeploymentPostprocessing = 0;
		};
		1878E29A1F1C826B005E53DC /* Frameworks */ = {
			isa = PBXFrameworksBuildPhase;
			buildActionMask = 2147483647;
			files = (
			);
			runOnlyForDeploymentPostprocessing = 0;
		};
/* End PBXFrameworksBuildPhase section */

/* Begin PBXGroup section */
		1878E2751F1C826A005E53DC = {
			isa = PBXGroup;
			children = (
				1878E2801F1C826A005E53DC /* OneSwiftDemoPerDay */,
				1878E2951F1C826B005E53DC /* OneSwiftDemoPerDayTests */,
				1878E2A01F1C826B005E53DC /* OneSwiftDemoPerDayUITests */,
				1878E27F1F1C826A005E53DC /* Products */,
			);
			sourceTree = "<group>";
		};
		1878E27F1F1C826A005E53DC /* Products */ = {
			isa = PBXGroup;
			children = (
				1878E27E1F1C826A005E53DC /* OneSwiftDemoPerDay.app */,
				1878E2921F1C826B005E53DC /* OneSwiftDemoPerDayTests.xctest */,
				1878E29D1F1C826B005E53DC /* OneSwiftDemoPerDayUITests.xctest */,
			);
			name = Products;
			sourceTree = "<group>";
		};
		1878E2801F1C826A005E53DC /* OneSwiftDemoPerDay */ = {
			isa = PBXGroup;
			children = (
				1878E2811F1C826A005E53DC /* AppDelegate.swift */,
				1878E2831F1C826A005E53DC /* ViewController.swift */,
				1878E2851F1C826A005E53DC /* Main.storyboard */,
				1878E2881F1C826A005E53DC /* Assets.xcassets */,
				1878E28A1F1C826A005E53DC /* LaunchScreen.storyboard */,
				1878E28D1F1C826A005E53DC /* Info.plist */,
			);
			path = OneSwiftDemoPerDay;
			sourceTree = "<group>";
		};
		1878E2951F1C826B005E53DC /* OneSwiftDemoPerDayTests */ = {
			isa = PBXGroup;
			children = (
				1878E2961F1C826B005E53DC /* OneSwiftDemoPerDayTests.swift */,
				1878E2981F1C826B005E53DC /* Info.plist */,
			);
			path = OneSwiftDemoPerDayTests;
			sourceTree = "<group>";
		};
		1878E2A01F1C826B005E53DC /* OneSwiftDemoPerDayUITests */ = {
			isa = PBXGroup;
			children = (
				1878E2A11F1C826B005E53DC /* OneSwiftDemoPerDayUITests.swift */,
				1878E2A31F1C826B005E53DC /* Info.plist */,
			);
			path = OneSwiftDemoPerDayUITests;
			sourceTree = "<group>";
		};
/* End PBXGroup section */

/* Begin PBXNativeTarget section */
		1878E27D1F1C826A005E53DC /* OneSwiftDemoPerDay */ = {
			isa = PBXNativeTarget;
			buildConfigurationList = 1878E2A61F1C826B005E53DC /* Build configuration list for PBXNativeTarget "OneSwiftDemoPerDay" */;
			buildPhases = (
				1878E27A1F1C826A005E53DC /* Sources */,
				1878E27B1F1C826A005E53DC /* Frameworks */,
				1878E27C1F1C826A005E53DC /* Resources */,
			);
			buildRules = (
			);
			dependencies = (
			);
			name = OneSwiftDemoPerDay;
			productName = OneSwiftDemoPerDay;
			productReference = 1878E27E1F1C826A005E53DC /* OneSwiftDemoPerDay.app */;
			productType = "com.apple.product-type.application";
		};
		1878E2911F1C826B005E53DC /* OneSwiftDemoPerDayTests */ = {
			isa = PBXNativeTarget;
			buildConfigurationList = 1878E2A91F1C826B005E53DC /* Build configuration list for PBXNativeTarget "OneSwiftDemoPerDayTests" */;
			buildPhases = (
				1878E28E1F1C826B005E53DC /* Sources */,
				1878E28F1F1C826B005E53DC /* Frameworks */,
				1878E2901F1C826B005E53DC /* Resources */,
			);
			buildRules = (
			);
			dependencies = (
				1878E2941F1C826B005E53DC /* PBXTargetDependency */,
			);
			name = OneSwiftDemoPerDayTests;
			productName = OneSwiftDemoPerDayTests;
			productReference = 1878E2921F1C826B005E53DC /* OneSwiftDemoPerDayTests.xctest */;
			productType = "com.apple.product-type.bundle.unit-test";
		};
		1878E29C1F1C826B005E53DC /* OneSwiftDemoPerDayUITests */ = {
			isa = PBXNativeTarget;
			buildConfigurationList = 1878E2AC1F1C826B005E53DC /* Build configuration list for PBXNativeTarget "OneSwiftDemoPerDayUITests" */;
			buildPhases = (
				1878E2991F1C826B005E53DC /* Sources */,
				1878E29A1F1C826B005E53DC /* Frameworks */,
				1878E29B1F1C826B005E53DC /* Resources */,
			);
			buildRules = (
			);
			dependencies = (
				1878E29F1F1C826B005E53DC /* PBXTargetDependency */,
			);
			name = OneSwiftDemoPerDayUITests;
			productName = OneSwiftDemoPerDayUITests;
			productReference = 1878E29D1F1C826B005E53DC /* OneSwiftDemoPerDayUITests.xctest */;
			productType = "com.apple.product-type.bundle.ui-testing";
		};
/* End PBXNativeTarget section */

/* Begin PBXProject section */
		1878E2761F1C826A005E53DC /* Project object */ = {
			isa = PBXProject;
			attributes = {
				LastSwiftUpdateCheck = 0830;
				LastUpgradeCheck = 0830;
				ORGANIZATIONNAME = apple;
				TargetAttributes = {
					1878E27D1F1C826A005E53DC = {
						CreatedOnToolsVersion = 8.3.3;
						ProvisioningStyle = Automatic;
					};
					1878E2911F1C826B005E53DC = {
						CreatedOnToolsVersion = 8.3.3;
						ProvisioningStyle = Automatic;
						TestTargetID = 1878E27D1F1C826A005E53DC;
					};
					1878E29C1F1C826B005E53DC = {
						CreatedOnToolsVersion = 8.3.3;
						ProvisioningStyle = Automatic;
						TestTargetID = 1878E27D1F1C826A005E53DC;
					};
				};
			};
			buildConfigurationList = 1878E2791F1C826A005E53DC /* Build configuration list for PBXProject "OneSwiftDemoPerDay" */;
			compatibilityVersion = "Xcode 3.2";
			developmentRegion = English;
			hasScannedForEncodings = 0;
			knownRegions = (
				en,
				Base,
			);
			mainGroup = 1878E2751F1C826A005E53DC;
			productRefGroup = 1878E27F1F1C826A005E53DC /* Products */;
			projectDirPath = "";
			projectRoot = "";
			targets = (
				1878E27D1F1C826A005E53DC /* OneSwiftDemoPerDay */,
				1878E2911F1C826B005E53DC /* OneSwiftDemoPerDayTests */,
				1878E29C1F1C826B005E53DC /* OneSwiftDemoPerDayUITests */,
			);
		};
/* End PBXProject section */

/* Begin PBXResourcesBuildPhase section */
		1878E27C1F1C826A005E53DC /* Resources */ = {
			isa = PBXResourcesBuildPhase;
			buildActionMask = 2147483647;
			files = (
				1878E28C1F1C826A005E53DC /* LaunchScreen.storyboard in Resources */,
				1878E2891F1C826A005E53DC /* Assets.xcassets in Resources */,
				1878E2871F1C826A005E53DC /* Main.storyboard in Resources */,
			);
			runOnlyForDeploymentPostprocessing = 0;
		};
		1878E2901F1C826B005E53DC /* Resources */ = {
			isa = PBXResourcesBuildPhase;
			buildActionMask = 2147483647;
			files = (
			);
			runOnlyForDeploymentPostprocessing = 0;
		};
		1878E29B1F1C826B005E53DC /* Resources */ = {
			isa = PBXResourcesBuildPhase;
			buildActionMask = 2147483647;
			files = (
			);
			runOnlyForDeploymentPostprocessing = 0;
		};
/* End PBXResourcesBuildPhase section */

/* Begin PBXSourcesBuildPhase section */
		1878E27A1F1C826A005E53DC /* Sources */ = {
			isa = PBXSourcesBuildPhase;
			buildActionMask = 2147483647;
			files = (
				1878E2841F1C826A005E53DC /* ViewController.swift in Sources */,
				1878E2821F1C826A005E53DC /* AppDelegate.swift in Sources */,
			);
			runOnlyForDeploymentPostprocessing = 0;
		};
		1878E28E1F1C826B005E53DC /* Sources */ = {
			isa = PBXSourcesBuildPhase;
			buildActionMask = 2147483647;
			files = (
				1878E2971F1C826B005E53DC /* OneSwiftDemoPerDayTests.swift in Sources */,
			);
			runOnlyForDeploymentPostprocessing = 0;
		};
		1878E2991F1C826B005E53DC /* Sources */ = {
			isa = PBXSourcesBuildPhase;
			buildActionMask = 2147483647;
			files = (
				1878E2A21F1C826B005E53DC /* OneSwiftDemoPerDayUITests.swift in Sources */,
			);
			runOnlyForDeploymentPostprocessing = 0;
		};
/* End PBXSourcesBuildPhase section */

/* Begin PBXTargetDependency section */
		1878E2941F1C826B005E53DC /* PBXTargetDependency */ = {
			isa = PBXTargetDependency;
			target = 1878E27D1F1C826A005E53DC /* OneSwiftDemoPerDay */;
			targetProxy = 1878E2931F1C826B005E53DC /* PBXContainerItemProxy */;
		};
		1878E29F1F1C826B005E53DC /* PBXTargetDependency */ = {
			isa = PBXTargetDependency;
			target = 1878E27D1F1C826A005E53DC /* OneSwiftDemoPerDay */;
			targetProxy = 1878E29E1F1C826B005E53DC /* PBXContainerItemProxy */;
		};
/* End PBXTargetDependency section */

/* Begin PBXVariantGroup section */
		1878E2851F1C826A005E53DC /* Main.storyboard */ = {
			isa = PBXVariantGroup;
			children = (
				1878E2861F1C826A005E53DC /* Base */,
			);
			name = Main.storyboard;
			sourceTree = "<group>";
		};
		1878E28A1F1C826A005E53DC /* LaunchScreen.storyboard */ = {
			isa = PBXVariantGroup;
			children = (
				1878E28B1F1C826A005E53DC /* Base */,
			);
			name = LaunchScreen.storyboard;
			sourceTree = "<group>";
		};
/* End PBXVariantGroup section */

/* Begin XCBuildConfiguration section */
		1878E2A41F1C826B005E53DC /* Debug */ = {
			isa = XCBuildConfiguration;
			buildSettings = {
				ALWAYS_SEARCH_USER_PATHS = NO;
				CLANG_ANALYZER_NONNULL = YES;
				CLANG_ANALYZER_NUMBER_OBJECT_CONVERSION = YES_AGGRESSIVE;
				CLANG_CXX_LANGUAGE_STANDARD = "gnu++0x";
				CLANG_CXX_LIBRARY = "libc++";
				CLANG_ENABLE_MODULES = YES;
				CLANG_ENABLE_OBJC_ARC = YES;
				CLANG_WARN_BOOL_CONVERSION = YES;
				CLANG_WARN_CONSTANT_CONVERSION = YES;
				CLANG_WARN_DIRECT_OBJC_ISA_USAGE = YES_ERROR;
				CLANG_WARN_DOCUMENTATION_COMMENTS = YES;
				CLANG_WARN_EMPTY_BODY = YES;
				CLANG_WARN_ENUM_CONVERSION = YES;
				CLANG_WARN_INFINITE_RECURSION = YES;
				CLANG_WARN_INT_CONVERSION = YES;
				CLANG_WARN_OBJC_ROOT_CLASS = YES_ERROR;
				CLANG_WARN_SUSPICIOUS_MOVE = YES;
				CLANG_WARN_UNREACHABLE_CODE = YES;
				CLANG_WARN__DUPLICATE_METHOD_MATCH = YES;
				"CODE_SIGN_IDENTITY[sdk=iphoneos*]" = "iPhone Developer";
				COPY_PHASE_STRIP = NO;
				DEBUG_INFORMATION_FORMAT = dwarf;
				ENABLE_STRICT_OBJC_MSGSEND = YES;
				ENABLE_TESTABILITY = YES;
				GCC_C_LANGUAGE_STANDARD = gnu99;
				GCC_DYNAMIC_NO_PIC = NO;
				GCC_NO_COMMON_BLOCKS = YES;
				GCC_OPTIMIZATION_LEVEL = 0;
				GCC_PREPROCESSOR_DEFINITIONS = (
					"DEBUG=1",
					"$(inherited)",
				);
				GCC_WARN_64_TO_32_BIT_CONVERSION = YES;
				GCC_WARN_ABOUT_RETURN_TYPE = YES_ERROR;
				GCC_WARN_UNDECLARED_SELECTOR = YES;
				GCC_WARN_UNINITIALIZED_AUTOS = YES_AGGRESSIVE;
				GCC_WARN_UNUSED_FUNCTION = YES;
				GCC_WARN_UNUSED_VARIABLE = YES;
				IPHONEOS_DEPLOYMENT_TARGET = 10.3;
				MTL_ENABLE_DEBUG_INFO = YES;
				ONLY_ACTIVE_ARCH = YES;
				SDKROOT = iphoneos;
				SWIFT_ACTIVE_COMPILATION_CONDITIONS = DEBUG;
				SWIFT_OPTIMIZATION_LEVEL = "-Onone";
			};
			name = Debug;
		};
		1878E2A51F1C826B005E53DC /* Release */ = {
			isa = XCBuildConfiguration;
			buildSettings = {
				ALWAYS_SEARCH_USER_PATHS = NO;
				CLANG_ANALYZER_NONNULL = YES;
				CLANG_ANALYZER_NUMBER_OBJECT_CONVERSION = YES_AGGRESSIVE;
				CLANG_CXX_LANGUAGE_STANDARD = "gnu++0x";
				CLANG_CXX_LIBRARY = "libc++";
				CLANG_ENABLE_MODULES = YES;
				CLANG_ENABLE_OBJC_ARC = YES;
				CLANG_WARN_BOOL_CONVERSION = YES;
				CLANG_WARN_CONSTANT_CONVERSION = YES;
				CLANG_WARN_DIRECT_OBJC_ISA_USAGE = YES_ERROR;
				CLANG_WARN_DOCUMENTATION_COMMENTS = YES;
				CLANG_WARN_EMPTY_BODY = YES;
				CLANG_WARN_ENUM_CONVERSION = YES;
				CLANG_WARN_INFINITE_RECURSION = YES;
				CLANG_WARN_INT_CONVERSION = YES;
				CLANG_WARN_OBJC_ROOT_CLASS = YES_ERROR;
				CLANG_WARN_SUSPICIOUS_MOVE = YES;
				CLANG_WARN_UNREACHABLE_CODE = YES;
				CLANG_WARN__DUPLICATE_METHOD_MATCH = YES;
				"CODE_SIGN_IDENTITY[sdk=iphoneos*]" = "iPhone Developer";
				COPY_PHASE_STRIP = NO;
				DEBUG_INFORMATION_FORMAT = "dwarf-with-dsym";
				ENABLE_NS_ASSERTIONS = NO;
				ENABLE_STRICT_OBJC_MSGSEND = YES;
				GCC_C_LANGUAGE_STANDARD = gnu99;
				GCC_NO_COMMON_BLOCKS = YES;
				GCC_WARN_64_TO_32_BIT_CONVERSION = YES;
				GCC_WARN_ABOUT_RETURN_TYPE = YES_ERROR;
				GCC_WARN_UNDECLARED_SELECTOR = YES;
				GCC_WARN_UNINITIALIZED_AUTOS = YES_AGGRESSIVE;
				GCC_WARN_UNUSED_FUNCTION = YES;
				GCC_WARN_UNUSED_VARIABLE = YES;
				IPHONEOS_DEPLOYMENT_TARGET = 10.3;
				MTL_ENABLE_DEBUG_INFO = NO;
				SDKROOT = iphoneos;
				SWIFT_OPTIMIZATION_LEVEL = "-Owholemodule";
				VALIDATE_PRODUCT = YES;
			};
			name = Release;
		};
		1878E2A71F1C826B005E53DC /* Debug */ = {
			isa = XCBuildConfiguration;
			buildSettings = {
				ASSETCATALOG_COMPILER_APPICON_NAME = AppIcon;
				INFOPLIST_FILE = OneSwiftDemoPerDay/Info.plist;
				LD_RUNPATH_SEARCH_PATHS = "$(inherited) @executable_path/Frameworks";
				PRODUCT_BUNDLE_IDENTIFIER = "tao.wang-163.com.OneSwiftDemoPerDay";
				PRODUCT_NAME = "$(TARGET_NAME)";
				SWIFT_VERSION = 3.0;
			};
			name = Debug;
		};
		1878E2A81F1C826B005E53DC /* Release */ = {
			isa = XCBuildConfiguration;
			buildSettings = {
				ASSETCATALOG_COMPILER_APPICON_NAME = AppIcon;
				INFOPLIST_FILE = OneSwiftDemoPerDay/Info.plist;
				LD_RUNPATH_SEARCH_PATHS = "$(inherited) @executable_path/Frameworks";
				PRODUCT_BUNDLE_IDENTIFIER = "tao.wang-163.com.OneSwiftDemoPerDay";
				PRODUCT_NAME = "$(TARGET_NAME)";
				SWIFT_VERSION = 3.0;
			};
			name = Release;
		};
		1878E2AA1F1C826B005E53DC /* Debug */ = {
			isa = XCBuildConfiguration;
			buildSettings = {
				ALWAYS_EMBED_SWIFT_STANDARD_LIBRARIES = YES;
				BUNDLE_LOADER = "$(TEST_HOST)";
				INFOPLIST_FILE = OneSwiftDemoPerDayTests/Info.plist;
				LD_RUNPATH_SEARCH_PATHS = "$(inherited) @executable_path/Frameworks @loader_path/Frameworks";
				PRODUCT_BUNDLE_IDENTIFIER = "tao.wang-163.com.OneSwiftDemoPerDayTests";
				PRODUCT_NAME = "$(TARGET_NAME)";
				SWIFT_VERSION = 3.0;
				TEST_HOST = "$(BUILT_PRODUCTS_DIR)/OneSwiftDemoPerDay.app/OneSwiftDemoPerDay";
			};
			name = Debug;
		};
		1878E2AB1F1C826B005E53DC /* Release */ = {
			isa = XCBuildConfiguration;
			buildSettings = {
				ALWAYS_EMBED_SWIFT_STANDARD_LIBRARIES = YES;
				BUNDLE_LOADER = "$(TEST_HOST)";
				INFOPLIST_FILE = OneSwiftDemoPerDayTests/Info.plist;
				LD_RUNPATH_SEARCH_PATHS = "$(inherited) @executable_path/Frameworks @loader_path/Frameworks";
				PRODUCT_BUNDLE_IDENTIFIER = "tao.wang-163.com.OneSwiftDemoPerDayTests";
				PRODUCT_NAME = "$(TARGET_NAME)";
				SWIFT_VERSION = 3.0;
				TEST_HOST = "$(BUILT_PRODUCTS_DIR)/OneSwiftDemoPerDay.app/OneSwiftDemoPerDay";
			};
			name = Release;
		};
		1878E2AD1F1C826B005E53DC /* Debug */ = {
			isa = XCBuildConfiguration;
			buildSettings = {
				ALWAYS_EMBED_SWIFT_STANDARD_LIBRARIES = YES;
				INFOPLIST_FILE = OneSwiftDemoPerDayUITests/Info.plist;
				LD_RUNPATH_SEARCH_PATHS = "$(inherited) @executable_path/Frameworks @loader_path/Frameworks";
				PRODUCT_BUNDLE_IDENTIFIER = "tao.wang-163.com.OneSwiftDemoPerDayUITests";
				PRODUCT_NAME = "$(TARGET_NAME)";
				SWIFT_VERSION = 3.0;
				TEST_TARGET_NAME = OneSwiftDemoPerDay;
			};
			name = Debug;
		};
		1878E2AE1F1C826B005E53DC /* Release */ = {
			isa = XCBuildConfiguration;
			buildSettings = {
				ALWAYS_EMBED_SWIFT_STANDARD_LIBRARIES = YES;
				INFOPLIST_FILE = OneSwiftDemoPerDayUITests/Info.plist;
				LD_RUNPATH_SEARCH_PATHS = "$(inherited) @executable_path/Frameworks @loader_path/Frameworks";
				PRODUCT_BUNDLE_IDENTIFIER = "tao.wang-163.com.OneSwiftDemoPerDayUITests";
				PRODUCT_NAME = "$(TARGET_NAME)";
				SWIFT_VERSION = 3.0;
				TEST_TARGET_NAME = OneSwiftDemoPerDay;
			};
			name = Release;
		};
/* End XCBuildConfiguration section */

/* Begin XCConfigurationList section */
		1878E2791F1C826A005E53DC /* Build configuration list for PBXProject "OneSwiftDemoPerDay" */ = {
			isa = XCConfigurationList;
			buildConfigurations = (
				1878E2A41F1C826B005E53DC /* Debug */,
				1878E2A51F1C826B005E53DC /* Release */,
			);
			defaultConfigurationIsVisible = 0;
			defaultConfigurationName = Release;
		};
		1878E2A61F1C826B005E53DC /* Build configuration list for PBXNativeTarget "OneSwiftDemoPerDay" */ = {
			isa = XCConfigurationList;
			buildConfigurations = (
				1878E2A71F1C826B005E53DC /* Debug */,
				1878E2A81F1C826B005E53DC /* Release */,
			);
			defaultConfigurationIsVisible = 0;
		};
		1878E2A91F1C826B005E53DC /* Build configuration list for PBXNativeTarget "OneSwiftDemoPerDayTests" */ = {
			isa = XCConfigurationList;
			buildConfigurations = (
				1878E2AA1F1C826B005E53DC /* Debug */,
				1878E2AB1F1C826B005E53DC /* Release */,
			);
			defaultConfigurationIsVisible = 0;
		};
		1878E2AC1F1C826B005E53DC /* Build configuration list for PBXNativeTarget "OneSwiftDemoPerDayUITests" */ = {
			isa = XCConfigurationList;
			buildConfigurations = (
				1878E2AD1F1C826B005E53DC /* Debug */,
				1878E2AE1F1C826B005E53DC /* Release */,
			);
			defaultConfigurationIsVisible = 0;
		};
/* End XCConfigurationList section */
	};
	rootObject = 1878E2761F1C826A005E53DC /* Project object */;
}
