// !$*UTF8*$!
{
	archiveVersion = 1;
	classes = {
	};
	objectVersion = 46;
	objects = {

/* Begin PBXBuildFile section */
		184568C71F307CE600932A05 /* AppDelegate.swift in Sources */ = {isa = PBXBuildFile; fileRef = 184568C61F307CE600932A05 /* AppDelegate.swift */; };
		184568C91F307CE600932A05 /* ViewController.swift in Sources */ = {isa = PBXBuildFile; fileRef = 184568C81F307CE600932A05 /* ViewController.swift */; };
		184568CC1F307CE600932A05 /* Main.storyboard in Resources */ = {isa = PBXBuildFile; fileRef = 184568CA1F307CE600932A05 /* Main.storyboard */; };
		184568CE1F307CE600932A05 /* Assets.xcassets in Resources */ = {isa = PBXBuildFile; fileRef = 184568CD1F307CE600932A05 /* Assets.xcassets */; };
		184568D11F307CE600932A05 /* LaunchScreen.storyboard in Resources */ = {isa = PBXBuildFile; fileRef = 184568CF1F307CE600932A05 /* LaunchScreen.storyboard */; };
/* End PBXBuildFile section */

/* Begin PBXFileReference section */
		184568C31F307CE600932A05 /* FifteenthDay_LocalNotification.app */ = {isa = PBXFileReference; explicitFileType = wrapper.application; includeInIndex = 0; path = FifteenthDay_LocalNotification.app; sourceTree = BUILT_PRODUCTS_DIR; };
		184568C61F307CE600932A05 /* AppDelegate.swift */ = {isa = PBXFileReference; lastKnownFileType = sourcecode.swift; path = AppDelegate.swift; sourceTree = "<group>"; };
		184568C81F307CE600932A05 /* ViewController.swift */ = {isa = PBXFileReference; lastKnownFileType = sourcecode.swift; path = ViewController.swift; sourceTree = "<group>"; };
		184568CB1F307CE600932A05 /* Base */ = {isa = PBXFileReference; lastKnownFileType = file.storyboard; name = Base; path = Base.lproj/Main.storyboard; sourceTree = "<group>"; };
		184568CD1F307CE600932A05 /* Assets.xcassets */ = {isa = PBXFileReference; lastKnownFileType = folder.assetcatalog; path = Assets.xcassets; sourceTree = "<group>"; };
		184568D01F307CE600932A05 /* Base */ = {isa = PBXFileReference; lastKnownFileType = file.storyboard; name = Base; path = Base.lproj/LaunchScreen.storyboard; sourceTree = "<group>"; };
		184568D21F307CE600932A05 /* Info.plist */ = {isa = PBXFileReference; lastKnownFileType = text.plist.xml; path = Info.plist; sourceTree = "<group>"; };
/* End PBXFileReference section */

/* Begin PBXFrameworksBuildPhase section */
		184568C01F307CE600932A05 /* Frameworks */ = {
			isa = PBXFrameworksBuildPhase;
			buildActionMask = 2147483647;
			files = (
			);
			runOnlyForDeploymentPostprocessing = 0;
		};
/* End PBXFrameworksBuildPhase section */

/* Begin PBXGroup section */
		184568BA1F307CE600932A05 = {
			isa = PBXGroup;
			children = (
				184568C51F307CE600932A05 /* FifteenthDay_LocalNotification */,
				184568C41F307CE600932A05 /* Products */,
			);
			sourceTree = "<group>";
		};
		184568C41F307CE600932A05 /* Products */ = {
			isa = PBXGroup;
			children = (
				184568C31F307CE600932A05 /* FifteenthDay_LocalNotification.app */,
			);
			name = Products;
			sourceTree = "<group>";
		};
		184568C51F307CE600932A05 /* FifteenthDay_LocalNotification */ = {
			isa = PBXGroup;
			children = (
				184568C61F307CE600932A05 /* AppDelegate.swift */,
				184568C81F307CE600932A05 /* ViewController.swift */,
				184568CA1F307CE600932A05 /* Main.storyboard */,
				184568CD1F307CE600932A05 /* Assets.xcassets */,
				184568CF1F307CE600932A05 /* LaunchScreen.storyboard */,
				184568D21F307CE600932A05 /* Info.plist */,
			);
			path = FifteenthDay_LocalNotification;
			sourceTree = "<group>";
		};
/* End PBXGroup section */

/* Begin PBXNativeTarget section */
		184568C21F307CE600932A05 /* FifteenthDay_LocalNotification */ = {
			isa = PBXNativeTarget;
			buildConfigurationList = 184568D51F307CE600932A05 /* Build configuration list for PBXNativeTarget "FifteenthDay_LocalNotification" */;
			buildPhases = (
				184568BF1F307CE600932A05 /* Sources */,
				184568C01F307CE600932A05 /* Frameworks */,
				184568C11F307CE600932A05 /* Resources */,
			);
			buildRules = (
			);
			dependencies = (
			);
			name = FifteenthDay_LocalNotification;
			productName = FifteenthDay_LocalNotification;
			productReference = 184568C31F307CE600932A05 /* FifteenthDay_LocalNotification.app */;
			productType = "com.apple.product-type.application";
		};
/* End PBXNativeTarget section */

/* Begin PBXProject section */
		184568BB1F307CE600932A05 /* Project object */ = {
			isa = PBXProject;
			attributes = {
				LastSwiftUpdateCheck = 0830;
				LastUpgradeCheck = 0830;
				ORGANIZATIONNAME = apple;
				TargetAttributes = {
					184568C21F307CE600932A05 = {
						CreatedOnToolsVersion = 8.3.3;
						DevelopmentTeam = U2GM226V3J;
						ProvisioningStyle = Automatic;
					};
				};
			};
			buildConfigurationList = 184568BE1F307CE600932A05 /* Build configuration list for PBXProject "FifteenthDay_LocalNotification" */;
			compatibilityVersion = "Xcode 3.2";
			developmentRegion = English;
			hasScannedForEncodings = 0;
			knownRegions = (
				en,
				Base,
			);
			mainGroup = 184568BA1F307CE600932A05;
			productRefGroup = 184568C41F307CE600932A05 /* Products */;
			projectDirPath = "";
			projectRoot = "";
			targets = (
				184568C21F307CE600932A05 /* FifteenthDay_LocalNotification */,
			);
		};
/* End PBXProject section */

/* Begin PBXResourcesBuildPhase section */
		184568C11F307CE600932A05 /* Resources */ = {
			isa = PBXResourcesBuildPhase;
			buildActionMask = 2147483647;
			files = (
				184568D11F307CE600932A05 /* LaunchScreen.storyboard in Resources */,
				184568CE1F307CE600932A05 /* Assets.xcassets in Resources */,
				184568CC1F307CE600932A05 /* Main.storyboard in Resources */,
			);
			runOnlyForDeploymentPostprocessing = 0;
		};
/* End PBXResourcesBuildPhase section */

/* Begin PBXSourcesBuildPhase section */
		184568BF1F307CE600932A05 /* Sources */ = {
			isa = PBXSourcesBuildPhase;
			buildActionMask = 2147483647;
			files = (
				184568C91F307CE600932A05 /* ViewController.swift in Sources */,
				184568C71F307CE600932A05 /* AppDelegate.swift in Sources */,
			);
			runOnlyForDeploymentPostprocessing = 0;
		};
/* End PBXSourcesBuildPhase section */

/* Begin PBXVariantGroup section */
		184568CA1F307CE600932A05 /* Main.storyboard */ = {
			isa = PBXVariantGroup;
			children = (
				184568CB1F307CE600932A05 /* Base */,
			);
			name = Main.storyboard;
			sourceTree = "<group>";
		};
		184568CF1F307CE600932A05 /* LaunchScreen.storyboard */ = {
			isa = PBXVariantGroup;
			children = (
				184568D01F307CE600932A05 /* Base */,
			);
			name = LaunchScreen.storyboard;
			sourceTree = "<group>";
		};
/* End PBXVariantGroup section */

/* Begin XCBuildConfiguration section */
		184568D31F307CE600932A05 /* Debug */ = {
			isa = XCBuildConfiguration;
			buildSettings = {
				ALWAYS_SEARCH_USER_PATHS = NO;
				CLANG_ANALYZER_NONNULL = YES;
				CLANG_ANALYZER_NUMBER_OBJECT_CONVERSION = YES_AGGRESSIVE;
				CLANG_CXX_LANGUAGE_STANDARD = "gnu++0x";
				CLANG_CXX_LIBRARY = "libc++";
				CLANG_ENABLE_MODULES = YES;
				CLANG_ENABLE_OBJC_ARC = YES;
				CLANG_WARN_BOOL_CONVERSION = YES;
				CLANG_WARN_CONSTANT_CONVERSION = YES;
				CLANG_WARN_DIRECT_OBJC_ISA_USAGE = YES_ERROR;
				CLANG_WARN_DOCUMENTATION_COMMENTS = YES;
				CLANG_WARN_EMPTY_BODY = YES;
				CLANG_WARN_ENUM_CONVERSION = YES;
				CLANG_WARN_INFINITE_RECURSION = YES;
				CLANG_WARN_INT_CONVERSION = YES;
				CLANG_WARN_OBJC_ROOT_CLASS = YES_ERROR;
				CLANG_WARN_SUSPICIOUS_MOVE = YES;
				CLANG_WARN_UNREACHABLE_CODE = YES;
				CLANG_WARN__DUPLICATE_METHOD_MATCH = YES;
				"CODE_SIGN_IDENTITY[sdk=iphoneos*]" = "iPhone Developer";
				COPY_PHASE_STRIP = NO;
				DEBUG_INFORMATION_FORMAT = dwarf;
				ENABLE_STRICT_OBJC_MSGSEND = YES;
				ENABLE_TESTABILITY = YES;
				GCC_C_LANGUAGE_STANDARD = gnu99;
				GCC_DYNAMIC_NO_PIC = NO;
				GCC_NO_COMMON_BLOCKS = YES;
				GCC_OPTIMIZATION_LEVEL = 0;
				GCC_PREPROCESSOR_DEFINITIONS = (
					"DEBUG=1",
					"$(inherited)",
				);
				GCC_WARN_64_TO_32_BIT_CONVERSION = YES;
				GCC_WARN_ABOUT_RETURN_TYPE = YES_ERROR;
				GCC_WARN_UNDECLARED_SELECTOR = YES;
				GCC_WARN_UNINITIALIZED_AUTOS = YES_AGGRESSIVE;
				GCC_WARN_UNUSED_FUNCTION = YES;
				GCC_WARN_UNUSED_VARIABLE = YES;
				IPHONEOS_DEPLOYMENT_TARGET = 10.3;
				MTL_ENABLE_DEBUG_INFO = YES;
				ONLY_ACTIVE_ARCH = YES;
				SDKROOT = iphoneos;
				SWIFT_ACTIVE_COMPILATION_CONDITIONS = DEBUG;
				SWIFT_OPTIMIZATION_LEVEL = "-Onone";
			};
			name = Debug;
		};
		184568D41F307CE600932A05 /* Release */ = {
			isa = XCBuildConfiguration;
			buildSettings = {
				ALWAYS_SEARCH_USER_PATHS = NO;
				CLANG_ANALYZER_NONNULL = YES;
				CLANG_ANALYZER_NUMBER_OBJECT_CONVERSION = YES_AGGRESSIVE;
				CLANG_CXX_LANGUAGE_STANDARD = "gnu++0x";
				CLANG_CXX_LIBRARY = "libc++";
				CLANG_ENABLE_MODULES = YES;
				CLANG_ENABLE_OBJC_ARC = YES;
				CLANG_WARN_BOOL_CONVERSION = YES;
				CLANG_WARN_CONSTANT_CONVERSION = YES;
				CLANG_WARN_DIRECT_OBJC_ISA_USAGE = YES_ERROR;
				CLANG_WARN_DOCUMENTATION_COMMENTS = YES;
				CLANG_WARN_EMPTY_BODY = YES;
				CLANG_WARN_ENUM_CONVERSION = YES;
				CLANG_WARN_INFINITE_RECURSION = YES;
				CLANG_WARN_INT_CONVERSION = YES;
				CLANG_WARN_OBJC_ROOT_CLASS = YES_ERROR;
				CLANG_WARN_SUSPICIOUS_MOVE = YES;
				CLANG_WARN_UNREACHABLE_CODE = YES;
				CLANG_WARN__DUPLICATE_METHOD_MATCH = YES;
				"CODE_SIGN_IDENTITY[sdk=iphoneos*]" = "iPhone Developer";
				COPY_PHASE_STRIP = NO;
				DEBUG_INFORMATION_FORMAT = "dwarf-with-dsym";
				ENABLE_NS_ASSERTIONS = NO;
				ENABLE_STRICT_OBJC_MSGSEND = YES;
				GCC_C_LANGUAGE_STANDARD = gnu99;
				GCC_NO_COMMON_BLOCKS = YES;
				GCC_WARN_64_TO_32_BIT_CONVERSION = YES;
				GCC_WARN_ABOUT_RETURN_TYPE = YES_ERROR;
				GCC_WARN_UNDECLARED_SELECTOR = YES;
				GCC_WARN_UNINITIALIZED_AUTOS = YES_AGGRESSIVE;
				GCC_WARN_UNUSED_FUNCTION = YES;
				GCC_WARN_UNUSED_VARIABLE = YES;
				IPHONEOS_DEPLOYMENT_TARGET = 10.3;
				MTL_ENABLE_DEBUG_INFO = NO;
				SDKROOT = iphoneos;
				SWIFT_OPTIMIZATION_LEVEL = "-Owholemodule";
				VALIDATE_PRODUCT = YES;
			};
			name = Release;
		};
		184568D61F307CE600932A05 /* Debug */ = {
			isa = XCBuildConfiguration;
			buildSettings = {
				ASSETCATALOG_COMPILER_APPICON_NAME = AppIcon;
				DEVELOPMENT_TEAM = U2GM226V3J;
				INFOPLIST_FILE = FifteenthDay_LocalNotification/Info.plist;
				LD_RUNPATH_SEARCH_PATHS = "$(inherited) @executable_path/Frameworks";
				PRODUCT_BUNDLE_IDENTIFIER = "tao.wang-163.com.FifteenthDay-LocalNotification";
				PRODUCT_NAME = "$(TARGET_NAME)";
				SWIFT_VERSION = 3.0;
			};
			name = Debug;
		};
		184568D71F307CE600932A05 /* Release */ = {
			isa = XCBuildConfiguration;
			buildSettings = {
				ASSETCATALOG_COMPILER_APPICON_NAME = AppIcon;
				DEVELOPMENT_TEAM = U2GM226V3J;
				INFOPLIST_FILE = FifteenthDay_LocalNotification/Info.plist;
				LD_RUNPATH_SEARCH_PATHS = "$(inherited) @executable_path/Frameworks";
				PRODUCT_BUNDLE_IDENTIFIER = "tao.wang-163.com.FifteenthDay-LocalNotification";
				PRODUCT_NAME = "$(TARGET_NAME)";
				SWIFT_VERSION = 3.0;
			};
			name = Release;
		};
/* End XCBuildConfiguration section */

/* Begin XCConfigurationList section */
		184568BE1F307CE600932A05 /* Build configuration list for PBXProject "FifteenthDay_LocalNotification" */ = {
			isa = XCConfigurationList;
			buildConfigurations = (
				184568D31F307CE600932A05 /* Debug */,
				184568D41F307CE600932A05 /* Release */,
			);
			defaultConfigurationIsVisible = 0;
			defaultConfigurationName = Release;
		};
		184568D51F307CE600932A05 /* Build configuration list for PBXNativeTarget "FifteenthDay_LocalNotification" */ = {
			isa = XCConfigurationList;
			buildConfigurations = (
				184568D61F307CE600932A05 /* Debug */,
				184568D71F307CE600932A05 /* Release */,
			);
			defaultConfigurationIsVisible = 0;
		};
/* End XCConfigurationList section */
	};
	rootObject = 184568BB1F307CE600932A05 /* Project object */;
}
